
Microsoft Visual Studio Solution File, Format Version 12.00
# Visual Studio Version 16
VisualStudioVersion = 16.0.31205.134
MinimumVisualStudioVersion = 10.0.40219.1
Project("{FAE04EC0-301F-11D3-BF4B-00C04F79EFBC}") = "SSH Tunnel Manager", "SSH Tunnel Manager\SSH Tunnel Manager.csproj", "{135F7B47-DF0D-43E8-956F-5DAB205EF9F5}"
EndProject
Global
	GlobalSection(SolutionConfigurationPlatforms) = preSolution
		Debug|Any CPU = Debug|Any CPU
		Release|Any CPU = Release|Any CPU
	EndGlobalSection
	GlobalSection(ProjectConfigurationPlatforms) = postSolution
		{135F7B47-DF0D-43E8-956F-5DAB205EF9F5}.Debug|Any CPU.ActiveCfg = Debug|Any CPU
		{135F7B47-DF0D-43E8-956F-5DAB205EF9F5}.Debug|Any CPU.Build.0 = Debug|Any CPU
		{135F7B47-DF0D-43E8-956F-5DAB205EF9F5}.Release|Any CPU.ActiveCfg = Release|Any CPU
		{135F7B47-DF0D-43E8-956F-5DAB205EF9F5}.Release|Any CPU.Build.0 = Release|Any CPU
	EndGlobalSection
	GlobalSection(SolutionProperties) = preSolution
		HideSolutionNode = FALSE
	EndGlobalSection
	GlobalSection(ExtensibilityGlobals) = postSolution
		SolutionGuid = {69A09252-FA52-44FD-9204-A0CFBDD8939A}
	EndGlobalSection
EndGlobal
